// !$*UTF8*$!
{
	archiveVersion = 1;
	classes = {
	};
	objectVersion = 56;
	objects = {

/* Begin PBXBuildFile section */
		DD09B75F2AE1A5ED005C9464 /* SystemCounterView.swift in Sources */ = {isa = PBXBuildFile; fileRef = DD09B75E2AE1A5ED005C9464 /* SystemCounterView.swift */; };
		DD1DB9F22AE131C9007BB3BC /* CongratulationsView.swift in Sources */ = {isa = PBXBuildFile; fileRef = DD1DB9F12AE131C9007BB3BC /* CongratulationsView.swift */; };
		DD1DB9F52AE131F6007BB3BC /* ConfettiSwiftUI in Frameworks */ = {isa = PBXBuildFile; productRef = DD1DB9F42AE131F6007BB3BC /* ConfettiSwiftUI */; };
		DD1DB9F72AE13565007BB3BC /* NoCounterView.swift in Sources */ = {isa = PBXBuildFile; fileRef = DD1DB9F62AE13565007BB3BC /* NoCounterView.swift */; };
		DD1DB9FB2AE141CB007BB3BC /* StateVariables.swift in Sources */ = {isa = PBXBuildFile; fileRef = DD1DB9FA2AE141CB007BB3BC /* StateVariables.swift */; };
		DD1DB9FE2AE14263007BB3BC /* SettingsVariables.swift in Sources */ = {isa = PBXBuildFile; fileRef = DD1DB9FD2AE14263007BB3BC /* SettingsVariables.swift */; };
		DDAA29822AE00442004E24E3 /* AddCounterView.swift in Sources */ = {isa = PBXBuildFile; fileRef = DDAA29812AE00442004E24E3 /* AddCounterView.swift */; };
		DDAA29842AE007D3004E24E3 /* CounterListView.swift in Sources */ = {isa = PBXBuildFile; fileRef = DDAA29832AE007D3004E24E3 /* CounterListView.swift */; };
		DDAA29892AE00844004E24E3 /* CenterCounterView.swift in Sources */ = {isa = PBXBuildFile; fileRef = DDAA29862AE00844004E24E3 /* CenterCounterView.swift */; };
		DDAA298A2AE00844004E24E3 /* LeftCounterView.swift in Sources */ = {isa = PBXBuildFile; fileRef = DDAA29872AE00844004E24E3 /* LeftCounterView.swift */; };
		DDAA298B2AE00844004E24E3 /* RightCounterView.swift in Sources */ = {isa = PBXBuildFile; fileRef = DDAA29882AE00844004E24E3 /* RightCounterView.swift */; };
		DDAA29982AE013D6004E24E3 /* MITLicenceView.swift in Sources */ = {isa = PBXBuildFile; fileRef = DDAA29932AE013D6004E24E3 /* MITLicenceView.swift */; };
		DDAA299A2AE013D6004E24E3 /* SettingsView.swift in Sources */ = {isa = PBXBuildFile; fileRef = DDAA29952AE013D6004E24E3 /* SettingsView.swift */; };
		DDAA299B2AE013D6004E24E3 /* Enums.swift in Sources */ = {isa = PBXBuildFile; fileRef = DDAA29962AE013D6004E24E3 /* Enums.swift */; };
		DDAA299C2AE013D6004E24E3 /* ColorPicker.swift in Sources */ = {isa = PBXBuildFile; fileRef = DDAA29972AE013D6004E24E3 /* ColorPicker.swift */; };
		DDAA29A12AE02109004E24E3 /* ListStyleModifier.swift in Sources */ = {isa = PBXBuildFile; fileRef = DDAA29A02AE02109004E24E3 /* ListStyleModifier.swift */; };
		DDAA29A32AE023A7004E24E3 /* PreviewView.swift in Sources */ = {isa = PBXBuildFile; fileRef = DDAA29A22AE023A7004E24E3 /* PreviewView.swift */; };
		DDAA29A62AE087B6004E24E3 /* SwiftySound in Frameworks */ = {isa = PBXBuildFile; productRef = DDAA29A52AE087B6004E24E3 /* SwiftySound */; };
		DDAA29AC2AE08BEB004E24E3 /* button.mp3 in Resources */ = {isa = PBXBuildFile; fileRef = DDAA29AA2AE08BEB004E24E3 /* button.mp3 */; };
		DDAA29AD2AE08BEB004E24E3 /* congratulations.mp3 in Resources */ = {isa = PBXBuildFile; fileRef = DDAA29AB2AE08BEB004E24E3 /* congratulations.mp3 */; };
		DDB554142AE465F600185155 /* Localizable.xcstrings in Resources */ = {isa = PBXBuildFile; fileRef = DDB554132AE465F600185155 /* Localizable.xcstrings */; };
		DDEEDC432AE43E0100E9FD6C /* CounterButtonView.swift in Sources */ = {isa = PBXBuildFile; fileRef = DDEEDC422AE43E0100E9FD6C /* CounterButtonView.swift */; };
		DDEEDC462AE4457D00E9FD6C /* CounterDigitsView.swift in Sources */ = {isa = PBXBuildFile; fileRef = DDEEDC452AE4457D00E9FD6C /* CounterDigitsView.swift */; };
		DDF08EE42ADFF5C1002E77AF /* SimpleCounterApp.swift in Sources */ = {isa = PBXBuildFile; fileRef = DDF08EE32ADFF5C1002E77AF /* SimpleCounterApp.swift */; };
		DDF08EE62ADFF5C1002E77AF /* ContentView.swift in Sources */ = {isa = PBXBuildFile; fileRef = DDF08EE52ADFF5C1002E77AF /* ContentView.swift */; };
		DDF08EE82ADFF5C1002E77AF /* Counter.swift in Sources */ = {isa = PBXBuildFile; fileRef = DDF08EE72ADFF5C1002E77AF /* Counter.swift */; };
		DDF08EEA2ADFF5CF002E77AF /* Assets.xcassets in Resources */ = {isa = PBXBuildFile; fileRef = DDF08EE92ADFF5CF002E77AF /* Assets.xcassets */; };
		DDF08EED2ADFF5CF002E77AF /* Preview Assets.xcassets in Resources */ = {isa = PBXBuildFile; fileRef = DDF08EEC2ADFF5CF002E77AF /* Preview Assets.xcassets */; };
/* End PBXBuildFile section */

/* Begin PBXCopyFilesBuildPhase section */
		DDF7CD702AE33FCE00B2FA10 /* Embed Foundation Extensions */ = {
			isa = PBXCopyFilesBuildPhase;
			buildActionMask = 2147483647;
			dstPath = "";
			dstSubfolderSpec = 13;
			files = (
			);
			name = "Embed Foundation Extensions";
			runOnlyForDeploymentPostprocessing = 0;
		};
/* End PBXCopyFilesBuildPhase section */

/* Begin PBXFileReference section */
		DD09B75E2AE1A5ED005C9464 /* SystemCounterView.swift */ = {isa = PBXFileReference; lastKnownFileType = sourcecode.swift; path = SystemCounterView.swift; sourceTree = "<group>"; };
		DD1DB9F12AE131C9007BB3BC /* CongratulationsView.swift */ = {isa = PBXFileReference; lastKnownFileType = sourcecode.swift; path = CongratulationsView.swift; sourceTree = "<group>"; };
		DD1DB9F62AE13565007BB3BC /* NoCounterView.swift */ = {isa = PBXFileReference; lastKnownFileType = sourcecode.swift; path = NoCounterView.swift; sourceTree = "<group>"; };
		DD1DB9FA2AE141CB007BB3BC /* StateVariables.swift */ = {isa = PBXFileReference; lastKnownFileType = sourcecode.swift; path = StateVariables.swift; sourceTree = "<group>"; };
		DD1DB9FD2AE14263007BB3BC /* SettingsVariables.swift */ = {isa = PBXFileReference; lastKnownFileType = sourcecode.swift; path = SettingsVariables.swift; sourceTree = "<group>"; };
		DDAA29812AE00442004E24E3 /* AddCounterView.swift */ = {isa = PBXFileReference; lastKnownFileType = sourcecode.swift; path = AddCounterView.swift; sourceTree = "<group>"; };
		DDAA29832AE007D3004E24E3 /* CounterListView.swift */ = {isa = PBXFileReference; lastKnownFileType = sourcecode.swift; path = CounterListView.swift; sourceTree = "<group>"; };
		DDAA29862AE00844004E24E3 /* CenterCounterView.swift */ = {isa = PBXFileReference; fileEncoding = 4; lastKnownFileType = sourcecode.swift; path = CenterCounterView.swift; sourceTree = "<group>"; };
		DDAA29872AE00844004E24E3 /* LeftCounterView.swift */ = {isa = PBXFileReference; fileEncoding = 4; lastKnownFileType = sourcecode.swift; path = LeftCounterView.swift; sourceTree = "<group>"; };
		DDAA29882AE00844004E24E3 /* RightCounterView.swift */ = {isa = PBXFileReference; fileEncoding = 4; lastKnownFileType = sourcecode.swift; path = RightCounterView.swift; sourceTree = "<group>"; };
		DDAA29932AE013D6004E24E3 /* MITLicenceView.swift */ = {isa = PBXFileReference; fileEncoding = 4; lastKnownFileType = sourcecode.swift; path = MITLicenceView.swift; sourceTree = "<group>"; };
		DDAA29952AE013D6004E24E3 /* SettingsView.swift */ = {isa = PBXFileReference; fileEncoding = 4; lastKnownFileType = sourcecode.swift; path = SettingsView.swift; sourceTree = "<group>"; };
		DDAA29962AE013D6004E24E3 /* Enums.swift */ = {isa = PBXFileReference; fileEncoding = 4; lastKnownFileType = sourcecode.swift; path = Enums.swift; sourceTree = "<group>"; };
		DDAA29972AE013D6004E24E3 /* ColorPicker.swift */ = {isa = PBXFileReference; fileEncoding = 4; lastKnownFileType = sourcecode.swift; path = ColorPicker.swift; sourceTree = "<group>"; };
		DDAA29A02AE02109004E24E3 /* ListStyleModifier.swift */ = {isa = PBXFileReference; lastKnownFileType = sourcecode.swift; path = ListStyleModifier.swift; sourceTree = "<group>"; };
		DDAA29A22AE023A7004E24E3 /* PreviewView.swift */ = {isa = PBXFileReference; lastKnownFileType = sourcecode.swift; path = PreviewView.swift; sourceTree = "<group>"; };
		DDAA29AA2AE08BEB004E24E3 /* button.mp3 */ = {isa = PBXFileReference; lastKnownFileType = audio.mp3; path = button.mp3; sourceTree = "<group>"; };
		DDAA29AB2AE08BEB004E24E3 /* congratulations.mp3 */ = {isa = PBXFileReference; lastKnownFileType = audio.mp3; path = congratulations.mp3; sourceTree = "<group>"; };
		DDB554132AE465F600185155 /* Localizable.xcstrings */ = {isa = PBXFileReference; lastKnownFileType = text.json.xcstrings; path = Localizable.xcstrings; sourceTree = "<group>"; };
		DDEEDC422AE43E0100E9FD6C /* CounterButtonView.swift */ = {isa = PBXFileReference; lastKnownFileType = sourcecode.swift; path = CounterButtonView.swift; sourceTree = "<group>"; };
		DDEEDC452AE4457D00E9FD6C /* CounterDigitsView.swift */ = {isa = PBXFileReference; lastKnownFileType = sourcecode.swift; path = CounterDigitsView.swift; sourceTree = "<group>"; };
		DDF08EE02ADFF5C1002E77AF /* SimpleCounter.app */ = {isa = PBXFileReference; explicitFileType = wrapper.application; includeInIndex = 0; path = SimpleCounter.app; sourceTree = BUILT_PRODUCTS_DIR; };
		DDF08EE32ADFF5C1002E77AF /* SimpleCounterApp.swift */ = {isa = PBXFileReference; lastKnownFileType = sourcecode.swift; path = SimpleCounterApp.swift; sourceTree = "<group>"; };
		DDF08EE52ADFF5C1002E77AF /* ContentView.swift */ = {isa = PBXFileReference; lastKnownFileType = sourcecode.swift; path = ContentView.swift; sourceTree = "<group>"; };
		DDF08EE72ADFF5C1002E77AF /* Counter.swift */ = {isa = PBXFileReference; lastKnownFileType = sourcecode.swift; path = Counter.swift; sourceTree = "<group>"; };
		DDF08EE92ADFF5CF002E77AF /* Assets.xcassets */ = {isa = PBXFileReference; lastKnownFileType = folder.assetcatalog; path = Assets.xcassets; sourceTree = "<group>"; };
		DDF08EEC2ADFF5CF002E77AF /* Preview Assets.xcassets */ = {isa = PBXFileReference; lastKnownFileType = folder.assetcatalog; path = "Preview Assets.xcassets"; sourceTree = "<group>"; };
		DDF08EEE2ADFF5CF002E77AF /* SimpleCounter.entitlements */ = {isa = PBXFileReference; lastKnownFileType = text.plist.entitlements; path = SimpleCounter.entitlements; sourceTree = "<group>"; };
		DDF08EEF2ADFF5CF002E77AF /* Info.plist */ = {isa = PBXFileReference; lastKnownFileType = text.plist.xml; path = Info.plist; sourceTree = "<group>"; };
		DDF7CD612AE33FCB00B2FA10 /* SwiftUI.framework */ = {isa = PBXFileReference; lastKnownFileType = wrapper.framework; name = SwiftUI.framework; path = System/Library/Frameworks/SwiftUI.framework; sourceTree = SDKROOT; };
/* End PBXFileReference section */

/* Begin PBXFrameworksBuildPhase section */
		DDF08EDD2ADFF5C1002E77AF /* Frameworks */ = {
			isa = PBXFrameworksBuildPhase;
			buildActionMask = 2147483647;
			files = (
				DD1DB9F52AE131F6007BB3BC /* ConfettiSwiftUI in Frameworks */,
				DDAA29A62AE087B6004E24E3 /* SwiftySound in Frameworks */,
			);
			runOnlyForDeploymentPostprocessing = 0;
		};
/* End PBXFrameworksBuildPhase section */

/* Begin PBXGroup section */
		DD1DB9FC2AE1421C007BB3BC /* Models */ = {
			isa = PBXGroup;
			children = (
				DDF08EE72ADFF5C1002E77AF /* Counter.swift */,
				DD1DB9FA2AE141CB007BB3BC /* StateVariables.swift */,
				DD1DB9FD2AE14263007BB3BC /* SettingsVariables.swift */,
			);
			path = Models;
			sourceTree = "<group>";
		};
		DD1DB9FF2AE163F8007BB3BC /* Views */ = {
			isa = PBXGroup;
			children = (
				DDAA29922AE013C4004E24E3 /* Settings */,
				DDAA29852AE00818004E24E3 /* CounterStyles */,
				DDF08EE52ADFF5C1002E77AF /* ContentView.swift */,
				DDAA29812AE00442004E24E3 /* AddCounterView.swift */,
				DDAA29832AE007D3004E24E3 /* CounterListView.swift */,
				DD1DB9F12AE131C9007BB3BC /* CongratulationsView.swift */,
				DD1DB9F62AE13565007BB3BC /* NoCounterView.swift */,
			);
			path = Views;
			sourceTree = "<group>";
		};
		DDAA29852AE00818004E24E3 /* CounterStyles */ = {
			isa = PBXGroup;
			children = (
				DDEEDC442AE4447B00E9FD6C /* CounterComponents */,
				DDAA29872AE00844004E24E3 /* LeftCounterView.swift */,
				DDAA29862AE00844004E24E3 /* CenterCounterView.swift */,
				DDAA29882AE00844004E24E3 /* RightCounterView.swift */,
				DD09B75E2AE1A5ED005C9464 /* SystemCounterView.swift */,
			);
			path = CounterStyles;
			sourceTree = "<group>";
		};
		DDAA29922AE013C4004E24E3 /* Settings */ = {
			isa = PBXGroup;
			children = (
				DDAA29932AE013D6004E24E3 /* MITLicenceView.swift */,
				DDAA29972AE013D6004E24E3 /* ColorPicker.swift */,
				DDAA29952AE013D6004E24E3 /* SettingsView.swift */,
				DDAA29A22AE023A7004E24E3 /* PreviewView.swift */,
			);
			path = Settings;
			sourceTree = "<group>";
		};
		DDAA299D2AE015B9004E24E3 /* Extensions */ = {
			isa = PBXGroup;
			children = (
				DDAA29962AE013D6004E24E3 /* Enums.swift */,
				DDAA29A02AE02109004E24E3 /* ListStyleModifier.swift */,
			);
			path = Extensions;
			sourceTree = "<group>";
		};
		DDAA29A92AE08BDB004E24E3 /* Assets */ = {
			isa = PBXGroup;
			children = (
				DDAA29AA2AE08BEB004E24E3 /* button.mp3 */,
				DDAA29AB2AE08BEB004E24E3 /* congratulations.mp3 */,
			);
			path = Assets;
			sourceTree = "<group>";
		};
		DDEEDC442AE4447B00E9FD6C /* CounterComponents */ = {
			isa = PBXGroup;
			children = (
				DDEEDC422AE43E0100E9FD6C /* CounterButtonView.swift */,
				DDEEDC452AE4457D00E9FD6C /* CounterDigitsView.swift */,
			);
			path = CounterComponents;
			sourceTree = "<group>";
		};
		DDF08ED72ADFF5C1002E77AF = {
			isa = PBXGroup;
			children = (
				DDF08EE22ADFF5C1002E77AF /* SimpleCounter */,
				DDF7CD5E2AE33FCB00B2FA10 /* Frameworks */,
				DDF08EE12ADFF5C1002E77AF /* Products */,
			);
			sourceTree = "<group>";
		};
		DDF08EE12ADFF5C1002E77AF /* Products */ = {
			isa = PBXGroup;
			children = (
				DDF08EE02ADFF5C1002E77AF /* SimpleCounter.app */,
			);
			name = Products;
			sourceTree = "<group>";
		};
		DDF08EE22ADFF5C1002E77AF /* SimpleCounter */ = {
			isa = PBXGroup;
			children = (
				DD1DB9FF2AE163F8007BB3BC /* Views */,
				DD1DB9FC2AE1421C007BB3BC /* Models */,
				DDAA299D2AE015B9004E24E3 /* Extensions */,
				DDAA29A92AE08BDB004E24E3 /* Assets */,
				DDF08EE32ADFF5C1002E77AF /* SimpleCounterApp.swift */,
				DDF08EE92ADFF5CF002E77AF /* Assets.xcassets */,
				DDF08EEE2ADFF5CF002E77AF /* SimpleCounter.entitlements */,
				DDF08EEF2ADFF5CF002E77AF /* Info.plist */,
				DDF08EEB2ADFF5CF002E77AF /* Preview Content */,
				DDB554132AE465F600185155 /* Localizable.xcstrings */,
			);
			path = SimpleCounter;
			sourceTree = "<group>";
		};
		DDF08EEB2ADFF5CF002E77AF /* Preview Content */ = {
			isa = PBXGroup;
			children = (
				DDF08EEC2ADFF5CF002E77AF /* Preview Assets.xcassets */,
			);
			path = "Preview Content";
			sourceTree = "<group>";
		};
		DDF7CD5E2AE33FCB00B2FA10 /* Frameworks */ = {
			isa = PBXGroup;
			children = (
				DDF7CD612AE33FCB00B2FA10 /* SwiftUI.framework */,
			);
			name = Frameworks;
			sourceTree = "<group>";
		};
/* End PBXGroup section */

/* Begin PBXNativeTarget section */
		DDF08EDF2ADFF5C1002E77AF /* SimpleCounter */ = {
			isa = PBXNativeTarget;
			buildConfigurationList = DDF08EF22ADFF5CF002E77AF /* Build configuration list for PBXNativeTarget "SimpleCounter" */;
			buildPhases = (
				DDF08EDC2ADFF5C1002E77AF /* Sources */,
				DDF08EDD2ADFF5C1002E77AF /* Frameworks */,
				DDF08EDE2ADFF5C1002E77AF /* Resources */,
				DDF7CD702AE33FCE00B2FA10 /* Embed Foundation Extensions */,
			);
			buildRules = (
			);
			dependencies = (
			);
			name = SimpleCounter;
			packageProductDependencies = (
				DDAA29A52AE087B6004E24E3 /* SwiftySound */,
				DD1DB9F42AE131F6007BB3BC /* ConfettiSwiftUI */,
			);
			productName = SimpleCounter;
			productReference = DDF08EE02ADFF5C1002E77AF /* SimpleCounter.app */;
			productType = "com.apple.product-type.application";
		};
/* End PBXNativeTarget section */

/* Begin PBXProject section */
		DDF08ED82ADFF5C1002E77AF /* Project object */ = {
			isa = PBXProject;
			attributes = {
				BuildIndependentTargetsInParallel = 1;
				LastSwiftUpdateCheck = 1500;
				LastUpgradeCheck = 1500;
				TargetAttributes = {
					DDF08EDF2ADFF5C1002E77AF = {
						CreatedOnToolsVersion = 15.0;
					};
				};
			};
			buildConfigurationList = DDF08EDB2ADFF5C1002E77AF /* Build configuration list for PBXProject "SimpleCounter" */;
			compatibilityVersion = "Xcode 14.0";
			developmentRegion = en;
			hasScannedForEncodings = 0;
			knownRegions = (
				en,
				Base,
				de,
			);
			mainGroup = DDF08ED72ADFF5C1002E77AF;
			packageReferences = (
				DDAA29A42AE087B6004E24E3 /* XCRemoteSwiftPackageReference "SwiftySound" */,
				DD1DB9F32AE131F6007BB3BC /* XCRemoteSwiftPackageReference "ConfettiSwiftUI" */,
			);
			productRefGroup = DDF08EE12ADFF5C1002E77AF /* Products */;
			projectDirPath = "";
			projectRoot = "";
			targets = (
				DDF08EDF2ADFF5C1002E77AF /* SimpleCounter */,
			);
		};
/* End PBXProject section */

/* Begin PBXResourcesBuildPhase section */
		DDF08EDE2ADFF5C1002E77AF /* Resources */ = {
			isa = PBXResourcesBuildPhase;
			buildActionMask = 2147483647;
			files = (
				DDF08EED2ADFF5CF002E77AF /* Preview Assets.xcassets in Resources */,
				DDB554142AE465F600185155 /* Localizable.xcstrings in Resources */,
				DDAA29AC2AE08BEB004E24E3 /* button.mp3 in Resources */,
				DDAA29AD2AE08BEB004E24E3 /* congratulations.mp3 in Resources */,
				DDF08EEA2ADFF5CF002E77AF /* Assets.xcassets in Resources */,
			);
			runOnlyForDeploymentPostprocessing = 0;
		};
/* End PBXResourcesBuildPhase section */

/* Begin PBXSourcesBuildPhase section */
		DDF08EDC2ADFF5C1002E77AF /* Sources */ = {
			isa = PBXSourcesBuildPhase;
			buildActionMask = 2147483647;
			files = (
				DDAA29892AE00844004E24E3 /* CenterCounterView.swift in Sources */,
				DDF08EE62ADFF5C1002E77AF /* ContentView.swift in Sources */,
				DDAA298B2AE00844004E24E3 /* RightCounterView.swift in Sources */,
				DDAA29A12AE02109004E24E3 /* ListStyleModifier.swift in Sources */,
				DDF08EE82ADFF5C1002E77AF /* Counter.swift in Sources */,
				DDEEDC432AE43E0100E9FD6C /* CounterButtonView.swift in Sources */,
				DDAA298A2AE00844004E24E3 /* LeftCounterView.swift in Sources */,
				DDAA299C2AE013D6004E24E3 /* ColorPicker.swift in Sources */,
				DDAA29A32AE023A7004E24E3 /* PreviewView.swift in Sources */,
				DDEEDC462AE4457D00E9FD6C /* CounterDigitsView.swift in Sources */,
				DD09B75F2AE1A5ED005C9464 /* SystemCounterView.swift in Sources */,
				DD1DB9FE2AE14263007BB3BC /* SettingsVariables.swift in Sources */,
				DDF08EE42ADFF5C1002E77AF /* SimpleCounterApp.swift in Sources */,
				DDAA29982AE013D6004E24E3 /* MITLicenceView.swift in Sources */,
				DD1DB9F22AE131C9007BB3BC /* CongratulationsView.swift in Sources */,
				DDAA299A2AE013D6004E24E3 /* SettingsView.swift in Sources */,
				DD1DB9F72AE13565007BB3BC /* NoCounterView.swift in Sources */,
				DDAA29822AE00442004E24E3 /* AddCounterView.swift in Sources */,
				DD1DB9FB2AE141CB007BB3BC /* StateVariables.swift in Sources */,
				DDAA29842AE007D3004E24E3 /* CounterListView.swift in Sources */,
				DDAA299B2AE013D6004E24E3 /* Enums.swift in Sources */,
			);
			runOnlyForDeploymentPostprocessing = 0;
		};
/* End PBXSourcesBuildPhase section */

/* Begin XCBuildConfiguration section */
		DDF08EF02ADFF5CF002E77AF /* Debug */ = {
			isa = XCBuildConfiguration;
			buildSettings = {
				ALWAYS_SEARCH_USER_PATHS = NO;
				ASSETCATALOG_COMPILER_GENERATE_SWIFT_ASSET_SYMBOL_EXTENSIONS = YES;
				CLANG_ANALYZER_NONNULL = YES;
				CLANG_ANALYZER_NUMBER_OBJECT_CONVERSION = YES_AGGRESSIVE;
				CLANG_CXX_LANGUAGE_STANDARD = "gnu++20";
				CLANG_ENABLE_MODULES = YES;
				CLANG_ENABLE_OBJC_ARC = YES;
				CLANG_ENABLE_OBJC_WEAK = YES;
				CLANG_WARN_BLOCK_CAPTURE_AUTORELEASING = YES;
				CLANG_WARN_BOOL_CONVERSION = YES;
				CLANG_WARN_COMMA = YES;
				CLANG_WARN_CONSTANT_CONVERSION = YES;
				CLANG_WARN_DEPRECATED_OBJC_IMPLEMENTATIONS = YES;
				CLANG_WARN_DIRECT_OBJC_ISA_USAGE = YES_ERROR;
				CLANG_WARN_DOCUMENTATION_COMMENTS = YES;
				CLANG_WARN_EMPTY_BODY = YES;
				CLANG_WARN_ENUM_CONVERSION = YES;
				CLANG_WARN_INFINITE_RECURSION = YES;
				CLANG_WARN_INT_CONVERSION = YES;
				CLANG_WARN_NON_LITERAL_NULL_CONVERSION = YES;
				CLANG_WARN_OBJC_IMPLICIT_RETAIN_SELF = YES;
				CLANG_WARN_OBJC_LITERAL_CONVERSION = YES;
				CLANG_WARN_OBJC_ROOT_CLASS = YES_ERROR;
				CLANG_WARN_QUOTED_INCLUDE_IN_FRAMEWORK_HEADER = YES;
				CLANG_WARN_RANGE_LOOP_ANALYSIS = YES;
				CLANG_WARN_STRICT_PROTOTYPES = YES;
				CLANG_WARN_SUSPICIOUS_MOVE = YES;
				CLANG_WARN_UNGUARDED_AVAILABILITY = YES_AGGRESSIVE;
				CLANG_WARN_UNREACHABLE_CODE = YES;
				CLANG_WARN__DUPLICATE_METHOD_MATCH = YES;
				COPY_PHASE_STRIP = NO;
				DEBUG_INFORMATION_FORMAT = dwarf;
				ENABLE_STRICT_OBJC_MSGSEND = YES;
				ENABLE_TESTABILITY = YES;
				ENABLE_USER_SCRIPT_SANDBOXING = YES;
				GCC_C_LANGUAGE_STANDARD = gnu17;
				GCC_DYNAMIC_NO_PIC = NO;
				GCC_NO_COMMON_BLOCKS = YES;
				GCC_OPTIMIZATION_LEVEL = 0;
				GCC_PREPROCESSOR_DEFINITIONS = (
					"DEBUG=1",
					"$(inherited)",
				);
				GCC_WARN_64_TO_32_BIT_CONVERSION = YES;
				GCC_WARN_ABOUT_RETURN_TYPE = YES_ERROR;
				GCC_WARN_UNDECLARED_SELECTOR = YES;
				GCC_WARN_UNINITIALIZED_AUTOS = YES_AGGRESSIVE;
				GCC_WARN_UNUSED_FUNCTION = YES;
				GCC_WARN_UNUSED_VARIABLE = YES;
				IPHONEOS_DEPLOYMENT_TARGET = 17.0;
				LOCALIZATION_PREFERS_STRING_CATALOGS = YES;
				MTL_ENABLE_DEBUG_INFO = INCLUDE_SOURCE;
				MTL_FAST_MATH = YES;
				ONLY_ACTIVE_ARCH = YES;
				SDKROOT = iphoneos;
				SWIFT_ACTIVE_COMPILATION_CONDITIONS = "DEBUG $(inherited)";
				SWIFT_OPTIMIZATION_LEVEL = "-Onone";
			};
			name = Debug;
		};
		DDF08EF12ADFF5CF002E77AF /* Release */ = {
			isa = XCBuildConfiguration;
			buildSettings = {
				ALWAYS_SEARCH_USER_PATHS = NO;
				ASSETCATALOG_COMPILER_GENERATE_SWIFT_ASSET_SYMBOL_EXTENSIONS = YES;
				CLANG_ANALYZER_NONNULL = YES;
				CLANG_ANALYZER_NUMBER_OBJECT_CONVERSION = YES_AGGRESSIVE;
				CLANG_CXX_LANGUAGE_STANDARD = "gnu++20";
				CLANG_ENABLE_MODULES = YES;
				CLANG_ENABLE_OBJC_ARC = YES;
				CLANG_ENABLE_OBJC_WEAK = YES;
				CLANG_WARN_BLOCK_CAPTURE_AUTORELEASING = YES;
				CLANG_WARN_BOOL_CONVERSION = YES;
				CLANG_WARN_COMMA = YES;
				CLANG_WARN_CONSTANT_CONVERSION = YES;
				CLANG_WARN_DEPRECATED_OBJC_IMPLEMENTATIONS = YES;
				CLANG_WARN_DIRECT_OBJC_ISA_USAGE = YES_ERROR;
				CLANG_WARN_DOCUMENTATION_COMMENTS = YES;
				CLANG_WARN_EMPTY_BODY = YES;
				CLANG_WARN_ENUM_CONVERSION = YES;
				CLANG_WARN_INFINITE_RECURSION = YES;
				CLANG_WARN_INT_CONVERSION = YES;
				CLANG_WARN_NON_LITERAL_NULL_CONVERSION = YES;
				CLANG_WARN_OBJC_IMPLICIT_RETAIN_SELF = YES;
				CLANG_WARN_OBJC_LITERAL_CONVERSION = YES;
				CLANG_WARN_OBJC_ROOT_CLASS = YES_ERROR;
				CLANG_WARN_QUOTED_INCLUDE_IN_FRAMEWORK_HEADER = YES;
				CLANG_WARN_RANGE_LOOP_ANALYSIS = YES;
				CLANG_WARN_STRICT_PROTOTYPES = YES;
				CLANG_WARN_SUSPICIOUS_MOVE = YES;
				CLANG_WARN_UNGUARDED_AVAILABILITY = YES_AGGRESSIVE;
				CLANG_WARN_UNREACHABLE_CODE = YES;
				CLANG_WARN__DUPLICATE_METHOD_MATCH = YES;
				COPY_PHASE_STRIP = NO;
				DEBUG_INFORMATION_FORMAT = "dwarf-with-dsym";
				ENABLE_NS_ASSERTIONS = NO;
				ENABLE_STRICT_OBJC_MSGSEND = YES;
				ENABLE_USER_SCRIPT_SANDBOXING = YES;
				GCC_C_LANGUAGE_STANDARD = gnu17;
				GCC_NO_COMMON_BLOCKS = YES;
				GCC_WARN_64_TO_32_BIT_CONVERSION = YES;
				GCC_WARN_ABOUT_RETURN_TYPE = YES_ERROR;
				GCC_WARN_UNDECLARED_SELECTOR = YES;
				GCC_WARN_UNINITIALIZED_AUTOS = YES_AGGRESSIVE;
				GCC_WARN_UNUSED_FUNCTION = YES;
				GCC_WARN_UNUSED_VARIABLE = YES;
				IPHONEOS_DEPLOYMENT_TARGET = 17.0;
				LOCALIZATION_PREFERS_STRING_CATALOGS = YES;
				MTL_ENABLE_DEBUG_INFO = NO;
				MTL_FAST_MATH = YES;
				SDKROOT = iphoneos;
				SWIFT_COMPILATION_MODE = wholemodule;
				VALIDATE_PRODUCT = YES;
			};
			name = Release;
		};
		DDF08EF32ADFF5CF002E77AF /* Debug */ = {
			isa = XCBuildConfiguration;
			buildSettings = {
				ASSETCATALOG_COMPILER_APPICON_NAME = AppIcon;
				ASSETCATALOG_COMPILER_GLOBAL_ACCENT_COLOR_NAME = AccentColor;
				CODE_SIGN_ENTITLEMENTS = SimpleCounter/SimpleCounter.entitlements;
				CODE_SIGN_IDENTITY = "Apple Development";
				CODE_SIGN_STYLE = Automatic;
				CURRENT_PROJECT_VERSION = 1;
				DEVELOPMENT_ASSET_PATHS = "\"SimpleCounter/Preview Content\"";
				DEVELOPMENT_TEAM = ATQPB625XL;
				ENABLE_PREVIEWS = YES;
				GENERATE_INFOPLIST_FILE = YES;
				INFOPLIST_FILE = SimpleCounter/Info.plist;
				INFOPLIST_KEY_LSApplicationCategoryType = "public.app-category.productivity";
				INFOPLIST_KEY_UIApplicationSceneManifest_Generation = YES;
				INFOPLIST_KEY_UIApplicationSupportsIndirectInputEvents = YES;
				INFOPLIST_KEY_UILaunchScreen_Generation = YES;
				INFOPLIST_KEY_UISupportedInterfaceOrientations_iPad = "UIInterfaceOrientationPortrait UIInterfaceOrientationPortraitUpsideDown UIInterfaceOrientationLandscapeLeft UIInterfaceOrientationLandscapeRight";
				INFOPLIST_KEY_UISupportedInterfaceOrientations_iPhone = "UIInterfaceOrientationPortrait UIInterfaceOrientationLandscapeLeft UIInterfaceOrientationLandscapeRight";
				LD_RUNPATH_SEARCH_PATHS = (
					"$(inherited)",
					"@executable_path/Frameworks",
				);
				MARKETING_VERSION = 1.0;
				PRODUCT_BUNDLE_IDENTIFIER = com.photangralenphie.SimpleCounter;
				PRODUCT_NAME = "$(TARGET_NAME)";
				PROVISIONING_PROFILE_SPECIFIER = "";
				SWIFT_EMIT_LOC_STRINGS = YES;
				SWIFT_VERSION = 5.0;
				TARGETED_DEVICE_FAMILY = "1,2";
			};
			name = Debug;
		};
		DDF08EF42ADFF5CF002E77AF /* Release */ = {
			isa = XCBuildConfiguration;
			buildSettings = {
				ASSETCATALOG_COMPILER_APPICON_NAME = AppIcon;
				ASSETCATALOG_COMPILER_GLOBAL_ACCENT_COLOR_NAME = AccentColor;
				CODE_SIGN_ENTITLEMENTS = SimpleCounter/SimpleCounter.entitlements;
				CODE_SIGN_IDENTITY = "Apple Development";
				CODE_SIGN_STYLE = Automatic;
				CURRENT_PROJECT_VERSION = 1;
				DEVELOPMENT_ASSET_PATHS = "\"SimpleCounter/Preview Content\"";
				DEVELOPMENT_TEAM = ATQPB625XL;
				ENABLE_PREVIEWS = YES;
				GENERATE_INFOPLIST_FILE = YES;
				INFOPLIST_FILE = SimpleCounter/Info.plist;
				INFOPLIST_KEY_LSApplicationCategoryType = "public.app-category.productivity";
				INFOPLIST_KEY_UIApplicationSceneManifest_Generation = YES;
				INFOPLIST_KEY_UIApplicationSupportsIndirectInputEvents = YES;
				INFOPLIST_KEY_UILaunchScreen_Generation = YES;
				INFOPLIST_KEY_UISupportedInterfaceOrientations_iPad = "UIInterfaceOrientationPortrait UIInterfaceOrientationPortraitUpsideDown UIInterfaceOrientationLandscapeLeft UIInterfaceOrientationLandscapeRight";
				INFOPLIST_KEY_UISupportedInterfaceOrientations_iPhone = "UIInterfaceOrientationPortrait UIInterfaceOrientationLandscapeLeft UIInterfaceOrientationLandscapeRight";
				LD_RUNPATH_SEARCH_PATHS = (
					"$(inherited)",
					"@executable_path/Frameworks",
				);
				MARKETING_VERSION = 1.0;
				PRODUCT_BUNDLE_IDENTIFIER = com.photangralenphie.SimpleCounter;
				PRODUCT_NAME = "$(TARGET_NAME)";
				PROVISIONING_PROFILE_SPECIFIER = "";
				SWIFT_EMIT_LOC_STRINGS = YES;
				SWIFT_VERSION = 5.0;
				TARGETED_DEVICE_FAMILY = "1,2";
			};
			name = Release;
		};
/* End XCBuildConfiguration section */

/* Begin XCConfigurationList section */
		DDF08EDB2ADFF5C1002E77AF /* Build configuration list for PBXProject "SimpleCounter" */ = {
			isa = XCConfigurationList;
			buildConfigurations = (
				DDF08EF02ADFF5CF002E77AF /* Debug */,
				DDF08EF12ADFF5CF002E77AF /* Release */,
			);
			defaultConfigurationIsVisible = 0;
			defaultConfigurationName = Release;
		};
		DDF08EF22ADFF5CF002E77AF /* Build configuration list for PBXNativeTarget "SimpleCounter" */ = {
			isa = XCConfigurationList;
			buildConfigurations = (
				DDF08EF32ADFF5CF002E77AF /* Debug */,
				DDF08EF42ADFF5CF002E77AF /* Release */,
			);
			defaultConfigurationIsVisible = 0;
			defaultConfigurationName = Release;
		};
/* End XCConfigurationList section */

/* Begin XCRemoteSwiftPackageReference section */
		DD1DB9F32AE131F6007BB3BC /* XCRemoteSwiftPackageReference "ConfettiSwiftUI" */ = {
			isa = XCRemoteSwiftPackageReference;
			repositoryURL = "https://github.com/simibac/ConfettiSwiftUI";
			requirement = {
				kind = upToNextMajorVersion;
				minimumVersion = 1.1.0;
			};
		};
		DDAA29A42AE087B6004E24E3 /* XCRemoteSwiftPackageReference "SwiftySound" */ = {
			isa = XCRemoteSwiftPackageReference;
			repositoryURL = "https://github.com/adamcichy/SwiftySound";
			requirement = {
				kind = upToNextMajorVersion;
				minimumVersion = 1.2.0;
			};
		};
/* End XCRemoteSwiftPackageReference section */

/* Begin XCSwiftPackageProductDependency section */
		DD1DB9F42AE131F6007BB3BC /* ConfettiSwiftUI */ = {
			isa = XCSwiftPackageProductDependency;
			package = DD1DB9F32AE131F6007BB3BC /* XCRemoteSwiftPackageReference "ConfettiSwiftUI" */;
			productName = ConfettiSwiftUI;
		};
		DDAA29A52AE087B6004E24E3 /* SwiftySound */ = {
			isa = XCSwiftPackageProductDependency;
			package = DDAA29A42AE087B6004E24E3 /* XCRemoteSwiftPackageReference "SwiftySound" */;
			productName = SwiftySound;
		};
/* End XCSwiftPackageProductDependency section */
	};
	rootObject = DDF08ED82ADFF5C1002E77AF /* Project object */;
}
