{
  "pins" : [
    {
      "identity" : "confettiswiftui",
      "kind" : "remoteSourceControl",
      "location" : "https://github.com/simibac/ConfettiSwiftUI",
      "state" : {
        "revision" : "f45961f97bbae6fff6e2e64546fea0189425ad92",
        "version" : "1.1.0"
      }
    },
    {
      "identity" : "swiftysound",
      "kind" : "remoteSourceControl",
      "location" : "https://github.com/adamcichy/SwiftySound",
      "state" : {
        "revision" : "ae69bc63b12a431e75963381ef8f926c4c8b7993",
        "version" : "1.2.0"
      }
    }
  ],
  "version" : 2
}
